
Microsoft Visual Studio Solution File, Format Version 12.00
# Visual Studio Version 17
VisualStudioVersion = 17.1.32228.430
MinimumVisualStudioVersion = 10.0.40219.1
Project("{FAE04EC0-301F-11D3-BF4B-00C04F79EFBC}") = "QuizAPI", "QuizAPI.csproj", "{249D6287-C6FF-439F-8BE9-33C94F4C4C3E}"
EndProject
Global
	GlobalSection(SolutionConfigurationPlatforms) = preSolution
		Debug|Any CPU = Debug|Any CPU
		Release|Any CPU = Release|Any CPU
	EndGlobalSection
	GlobalSection(ProjectConfigurationPlatforms) = postSolution
		{249D6287-C6FF-439F-8BE9-33C94F4C4C3E}.Debug|Any CPU.ActiveCfg = Debug|Any CPU
		{249D6287-C6FF-439F-8BE9-33C94F4C4C3E}.Debug|Any CPU.Build.0 = Debug|Any CPU
		{249D6287-C6FF-439F-8BE9-33C94F4C4C3E}.Release|Any CPU.ActiveCfg = Release|Any CPU
		{249D6287-C6FF-439F-8BE9-33C94F4C4C3E}.Release|Any CPU.Build.0 = Release|Any CPU
	EndGlobalSection
	GlobalSection(SolutionProperties) = preSolution
		HideSolutionNode = FALSE
	EndGlobalSection
	GlobalSection(ExtensibilityGlobals) = postSolution
		SolutionGuid = {4B0EE088-FBF5-4EBD-8C64-C929F8F16AD0}
	EndGlobalSection
EndGlobal
